{
  "version": 4,
  "terraform_version": "1.0.3",
  "serial": 11,
  "lineage": "db20b546-d6c2-e575-ae78-600352e8bc3b",
  "outputs": {},
  "resources": [
    {
      "mode": "managed",
      "type": "aviatrix_gateway",
      "name": "gw_for_sp16",
      "provider": "provider[\"registry.terraform.io/aviatrixsystems/aviatrix\"]",
      "instances": [
        {
          "schema_version": 1,
          "attributes": {
            "account_name": "Eskimoo",
            "additional_cidrs": "",
            "additional_cidrs_designated_gateway": "",
            "allocate_new_eip": true,
            "availability_domain": null,
            "azure_eip_name_resource_group": null,
            "cloud_instance_id": "i-0a2090ea45b62fa8b",
            "cloud_type": 1,
            "customer_managed_keys": null,
            "duo_api_hostname": "",
            "duo_integration_key": "",
            "duo_push_mode": "",
            "duo_secret_key": null,
            "eip": "3.126.235.220",
            "elb_dns_name": null,
            "elb_name": "",
            "enable_designated_gateway": false,
            "enable_elb": false,
            "enable_encrypt_volume": false,
            "enable_jumbo_frame": true,
            "enable_ldap": false,
            "enable_monitor_gateway_subnets": false,
            "enable_public_subnet_filtering": false,
            "enable_spot_instance": null,
            "enable_vpc_dns_server": false,
            "enable_vpn_nat": true,
            "fault_domain": null,
            "fqdn_lan_cidr": "",
            "fqdn_lan_interface": "",
            "fqdn_lan_vpc_id": null,
            "gw_name": "GWFFSP16",
            "gw_size": "t2.micro",
            "id": "GWFFSP16",
            "idle_timeout": -1,
            "image_version": "hvm-cloudx-aws-022021",
            "insane_mode": false,
            "insane_mode_az": "",
            "ldap_base_dn": "",
            "ldap_bind_dn": "",
            "ldap_password": null,
            "ldap_server": "",
            "ldap_username_attribute": "",
            "max_vpn_conn": "",
            "monitor_exclude_list": [],
            "name_servers": "",
            "okta_token": null,
            "okta_url": "",
            "okta_username_suffix": "",
            "otp_mode": "",
            "peering_ha_availability_domain": "",
            "peering_ha_azure_eip_name_resource_group": "",
            "peering_ha_cloud_instance_id": "",
            "peering_ha_eip": "",
            "peering_ha_fault_domain": "",
            "peering_ha_gw_name": "",
            "peering_ha_gw_size": "",
            "peering_ha_image_version": "",
            "peering_ha_insane_mode_az": "",
            "peering_ha_private_ip": "",
            "peering_ha_security_group_id": "",
            "peering_ha_software_version": "",
            "peering_ha_subnet": "",
            "peering_ha_zone": "",
            "private_ip": "10.77.19.57",
            "public_dns_server": "8.8.8.8",
            "public_subnet_filtering_guard_duty_enforced": true,
            "public_subnet_filtering_ha_route_tables": [],
            "public_subnet_filtering_route_tables": [],
            "renegotiation_interval": -1,
            "saml_enabled": false,
            "search_domains": "",
            "security_group_id": "sg-0212907d617d72c47",
            "single_az_ha": false,
            "single_ip_snat": false,
            "software_version": "6.5.1905",
            "split_tunnel": true,
            "spot_price": null,
            "storage_name": null,
            "subnet": "10.77.19.0/24",
            "tag_list": null,
            "tags": {},
            "tunnel_detection_time": 60,
            "vpc_id": "vpc-0f1867c3e96718043",
            "vpc_reg": "eu-central-1",
            "vpn_access": false,
            "vpn_cidr": "",
            "vpn_protocol": "",
            "zone": null
          },
          "sensitive_attributes": [],
          "private": "eyJzY2hlbWFfdmVyc2lvbiI6IjEifQ=="
        }
      ]
    },
    {
      "mode": "managed",
      "type": "aviatrix_transit_gateway",
      "name": "gw_for_hub",
      "provider": "provider[\"registry.terraform.io/aviatrixsystems/aviatrix\"]",
      "instances": [
        {
          "schema_version": 1,
          "attributes": {
            "account_name": "Eskimoo",
            "allocate_new_eip": true,
            "availability_domain": null,
            "azure_eip_name_resource_group": null,
            "bgp_ecmp": false,
            "bgp_hold_time": 180,
            "bgp_manual_spoke_advertise_cidrs": "",
            "bgp_polling_time": "50",
            "cloud_instance_id": "i-0027083ee85a56420",
            "cloud_type": 1,
            "connected_transit": true,
            "customer_managed_keys": null,
            "customized_spoke_vpc_routes": "",
            "customized_transit_vpc_routes": null,
            "eip": "3.69.152.15",
            "enable_active_mesh": true,
            "enable_active_standby": false,
            "enable_advertise_transit_cidr": false,
            "enable_bgp_over_lan": false,
            "enable_egress_transit_firenet": false,
            "enable_encrypt_volume": false,
            "enable_firenet": false,
            "enable_gateway_load_balancer": false,
            "enable_hybrid_connection": true,
            "enable_jumbo_frame": true,
            "enable_learned_cidrs_approval": false,
            "enable_monitor_gateway_subnets": false,
            "enable_multi_tier_transit": false,
            "enable_private_oob": false,
            "enable_segmentation": false,
            "enable_spot_instance": null,
            "enable_transit_firenet": false,
            "enable_transit_summarize_cidr_to_tgw": false,
            "enable_vpc_dns_server": false,
            "excluded_advertised_spoke_routes": "",
            "fault_domain": null,
            "filtered_spoke_vpc_routes": "",
            "gw_name": "transit",
            "gw_size": "t2.micro",
            "ha_availability_domain": null,
            "ha_azure_eip_name_resource_group": null,
            "ha_cloud_instance_id": "i-0cc1f8db5204aedad",
            "ha_eip": "18.184.236.70",
            "ha_fault_domain": null,
            "ha_gw_name": "transit-hagw",
            "ha_gw_size": "t2.micro",
            "ha_image_version": "hvm-cloudx-aws-022021",
            "ha_insane_mode_az": "",
            "ha_lan_interface_cidr": "",
            "ha_oob_availability_zone": null,
            "ha_oob_management_subnet": null,
            "ha_private_ip": "10.77.0.125",
            "ha_security_group_id": "sg-01c9e29c69e67e8f4",
            "ha_software_version": "6.5.1905",
            "ha_subnet": "10.77.0.112/28",
            "ha_zone": "",
            "id": "transit",
            "image_version": "hvm-cloudx-aws-022021",
            "insane_mode": false,
            "insane_mode_az": "",
            "lan_interface_cidr": "",
            "lan_private_subnet": null,
            "lan_vpc_id": null,
            "learned_cidrs_approval_mode": "gateway",
            "local_as_number": "",
            "monitor_exclude_list": null,
            "oob_availability_zone": null,
            "oob_management_subnet": null,
            "prepend_as_path": null,
            "private_ip": "10.77.0.85",
            "security_group_id": "sg-0d7bc80d4d039fe5c",
            "single_az_ha": false,
            "single_ip_snat": false,
            "software_version": "6.5.1905",
            "spot_price": null,
            "storage_name": null,
            "subnet": "10.77.0.80/28",
            "tag_list": null,
            "tags": null,
            "tunnel_detection_time": 60,
            "vpc_id": "vpc-07496a4c111cbf324",
            "vpc_reg": "eu-central-1",
            "zone": null
          },
          "sensitive_attributes": [],
          "private": "eyJzY2hlbWFfdmVyc2lvbiI6IjEifQ=="
        }
      ]
    },
    {
      "mode": "managed",
      "type": "aviatrix_vpc",
      "name": "AVFFHUB",
      "provider": "provider[\"registry.terraform.io/aviatrixsystems/aviatrix\"]",
      "instances": [
        {
          "schema_version": 1,
          "attributes": {
            "account_name": "Eskimoo",
            "availability_domains": [],
            "aviatrix_firenet_vpc": false,
            "aviatrix_transit_vpc": true,
            "azure_vnet_resource_id": null,
            "cidr": "10.77.0.0/20",
            "cloud_type": 1,
            "enable_native_gwlb": false,
            "enable_private_oob_subnet": false,
            "fault_domains": [],
            "id": "AVFFHUB",
            "name": "AVFFHUB",
            "num_of_subnet_pairs": null,
            "private_subnets": [
              {
                "cidr": "10.77.0.0/28",
                "name": "AVFFHUB-Private-FW-south-eu-central-1a",
                "subnet_id": "subnet-0963be7c5d828a832"
              },
              {
                "cidr": "10.77.0.16/28",
                "name": "AVFFHUB-Private-FW-north-eu-central-1a",
                "subnet_id": "subnet-0426b37d65f1b1613"
              },
              {
                "cidr": "10.77.0.32/28",
                "name": "AVFFHUB-Private-FW-south-eu-central-1b",
                "subnet_id": "subnet-08df5746a7267ba8f"
              },
              {
                "cidr": "10.77.0.48/28",
                "name": "AVFFHUB-Private-FW-north-eu-central-1b",
                "subnet_id": "subnet-05f954d3cf191522f"
              }
            ],
            "public_subnets": [
              {
                "cidr": "10.77.0.64/28",
                "name": "AVFFHUB-Public-gateway-and-firewall-mgmt-eu-central-1a",
                "subnet_id": "subnet-0a25c9ff64d4e7422"
              },
              {
                "cidr": "10.77.0.80/28",
                "name": "AVFFHUB-Public-FW-ingress-egress-eu-central-1a",
                "subnet_id": "subnet-0b94cca1a54aebb13"
              },
              {
                "cidr": "10.77.0.96/28",
                "name": "AVFFHUB-Public-gateway-and-firewall-mgmt-eu-central-1b",
                "subnet_id": "subnet-024e613df64df2e11"
              },
              {
                "cidr": "10.77.0.112/28",
                "name": "AVFFHUB-Public-FW-ingress-egress-eu-central-1b",
                "subnet_id": "subnet-0b7f5e845a8880a54"
              }
            ],
            "region": "eu-central-1",
            "resource_group": null,
            "route_tables": [
              "rtb-0a47f91ae886654b1",
              "rtb-0c4ed163da95cad6f"
            ],
            "subnet_size": null,
            "subnets": [
              {
                "cidr": "10.77.0.0/28",
                "name": "AVFFHUB-Private-FW-south-eu-central-1a",
                "region": "",
                "subnet_id": "subnet-0963be7c5d828a832"
              },
              {
                "cidr": "10.77.0.16/28",
                "name": "AVFFHUB-Private-FW-north-eu-central-1a",
                "region": "",
                "subnet_id": "subnet-0426b37d65f1b1613"
              },
              {
                "cidr": "10.77.0.32/28",
                "name": "AVFFHUB-Private-FW-south-eu-central-1b",
                "region": "",
                "subnet_id": "subnet-08df5746a7267ba8f"
              },
              {
                "cidr": "10.77.0.48/28",
                "name": "AVFFHUB-Private-FW-north-eu-central-1b",
                "region": "",
                "subnet_id": "subnet-05f954d3cf191522f"
              },
              {
                "cidr": "10.77.0.64/28",
                "name": "AVFFHUB-Public-gateway-and-firewall-mgmt-eu-central-1a",
                "region": "",
                "subnet_id": "subnet-0a25c9ff64d4e7422"
              },
              {
                "cidr": "10.77.0.80/28",
                "name": "AVFFHUB-Public-FW-ingress-egress-eu-central-1a",
                "region": "",
                "subnet_id": "subnet-0b94cca1a54aebb13"
              },
              {
                "cidr": "10.77.0.96/28",
                "name": "AVFFHUB-Public-gateway-and-firewall-mgmt-eu-central-1b",
                "region": "",
                "subnet_id": "subnet-024e613df64df2e11"
              },
              {
                "cidr": "10.77.0.112/28",
                "name": "AVFFHUB-Public-FW-ingress-egress-eu-central-1b",
                "region": "",
                "subnet_id": "subnet-0b7f5e845a8880a54"
              }
            ],
            "vpc_id": "vpc-07496a4c111cbf324"
          },
          "sensitive_attributes": [],
          "private": "eyJzY2hlbWFfdmVyc2lvbiI6IjEifQ=="
        }
      ]
    },
    {
      "mode": "managed",
      "type": "aviatrix_vpc",
      "name": "AVFFSP16",
      "provider": "provider[\"registry.terraform.io/aviatrixsystems/aviatrix\"]",
      "instances": [
        {
          "schema_version": 1,
          "attributes": {
            "account_name": "Eskimoo",
            "availability_domains": [],
            "aviatrix_firenet_vpc": false,
            "aviatrix_transit_vpc": false,
            "azure_vnet_resource_id": null,
            "cidr": "10.77.16.0/20",
            "cloud_type": 1,
            "enable_native_gwlb": false,
            "enable_private_oob_subnet": false,
            "fault_domains": [],
            "id": "AVFFSP16",
            "name": "AVFFSP16",
            "num_of_subnet_pairs": null,
            "private_subnets": [
              {
                "cidr": "10.77.16.0/24",
                "name": "AVFFSP16-Private-1-eu-central-1a",
                "subnet_id": "subnet-0b1d87cf95bb5d92e"
              },
              {
                "cidr": "10.77.17.0/24",
                "name": "AVFFSP16-Private-2-eu-central-1b",
                "subnet_id": "subnet-0f86608db514e51ed"
              },
              {
                "cidr": "10.77.18.0/24",
                "name": "AVFFSP16-Private-3-eu-central-1c",
                "subnet_id": "subnet-0d835b76384167e05"
              }
            ],
            "public_subnets": [
              {
                "cidr": "10.77.19.0/24",
                "name": "AVFFSP16-Public-1-eu-central-1a",
                "subnet_id": "subnet-0760daa1450f8f05d"
              },
              {
                "cidr": "10.77.20.0/24",
                "name": "AVFFSP16-Public-2-eu-central-1b",
                "subnet_id": "subnet-0c50622cff17fb3b5"
              },
              {
                "cidr": "10.77.21.0/24",
                "name": "AVFFSP16-Public-3-eu-central-1c",
                "subnet_id": "subnet-0ac3b477bb7526925"
              }
            ],
            "region": "eu-central-1",
            "resource_group": null,
            "route_tables": [
              "rtb-0508c896e15c12a50",
              "rtb-050e15d708b0ae6bd",
              "rtb-0cf3895ccc4adbfd0",
              "rtb-0617199e3844b2364",
              "rtb-0c3d4296aa6dd8a87",
              "rtb-01c8e2d5e7808bbd9"
            ],
            "subnet_size": null,
            "subnets": [
              {
                "cidr": "10.77.16.0/24",
                "name": "AVFFSP16-Private-1-eu-central-1a",
                "region": "",
                "subnet_id": "subnet-0b1d87cf95bb5d92e"
              },
              {
                "cidr": "10.77.17.0/24",
                "name": "AVFFSP16-Private-2-eu-central-1b",
                "region": "",
                "subnet_id": "subnet-0f86608db514e51ed"
              },
              {
                "cidr": "10.77.18.0/24",
                "name": "AVFFSP16-Private-3-eu-central-1c",
                "region": "",
                "subnet_id": "subnet-0d835b76384167e05"
              },
              {
                "cidr": "10.77.19.0/24",
                "name": "AVFFSP16-Public-1-eu-central-1a",
                "region": "",
                "subnet_id": "subnet-0760daa1450f8f05d"
              },
              {
                "cidr": "10.77.20.0/24",
                "name": "AVFFSP16-Public-2-eu-central-1b",
                "region": "",
                "subnet_id": "subnet-0c50622cff17fb3b5"
              },
              {
                "cidr": "10.77.21.0/24",
                "name": "AVFFSP16-Public-3-eu-central-1c",
                "region": "",
                "subnet_id": "subnet-0ac3b477bb7526925"
              }
            ],
            "vpc_id": "vpc-0f1867c3e96718043"
          },
          "sensitive_attributes": [],
          "private": "eyJzY2hlbWFfdmVyc2lvbiI6IjEifQ=="
        }
      ]
    }
  ]
}
